<?xml version="1.0" encoding="UTF-8"?>
<CodeBlocks_project_file>
	<FileVersion major="1" minor="6"/>
	<Project>
		<Option title="testHalcon12"/>
		<Option makefile_is_custom="1"/>
		<Option compiler="msvc8"/>
		<Option virtualFolders="CMake Files\;"/>
		<Build>
			<Target title="all">
				<Option working_dir="D:/Workspace/projects_online_2020/study_CMake/examples/build-testHalcon12-Desktop_Qt_5_12_9_MSVC2017_64bit-Debug"/>
				<Option type="4"/>
				<MakeCommands>
					<Build command="C:/PROGRA~2/MICROS~2/2017/COMMUN~1/Common7/IDE/COMMON~1/MICROS~1/CMake/Ninja/ninja.exe -v all"/>
					<CompileFile command="C:/PROGRA~2/MICROS~2/2017/COMMUN~1/Common7/IDE/COMMON~1/MICROS~1/CMake/Ninja/ninja.exe -v &quot;$file&quot;"/>
					<Clean command="C:/PROGRA~2/MICROS~2/2017/COMMUN~1/Common7/IDE/COMMON~1/MICROS~1/CMake/Ninja/ninja.exe -v clean"/>
					<DistClean command="C:/PROGRA~2/MICROS~2/2017/COMMUN~1/Common7/IDE/COMMON~1/MICROS~1/CMake/Ninja/ninja.exe -v clean"/>
				</MakeCommands>
			</Target>
			<Target title="rebuild_cache">
				<Option working_dir="D:/Workspace/projects_online_2020/study_CMake/examples/build-testHalcon12-Desktop_Qt_5_12_9_MSVC2017_64bit-Debug"/>
				<Option type="4"/>
				<MakeCommands>
					<Build command="C:/PROGRA~2/MICROS~2/2017/COMMUN~1/Common7/IDE/COMMON~1/MICROS~1/CMake/Ninja/ninja.exe -v rebuild_cache"/>
					<CompileFile command="C:/PROGRA~2/MICROS~2/2017/COMMUN~1/Common7/IDE/COMMON~1/MICROS~1/CMake/Ninja/ninja.exe -v &quot;$file&quot;"/>
					<Clean command="C:/PROGRA~2/MICROS~2/2017/COMMUN~1/Common7/IDE/COMMON~1/MICROS~1/CMake/Ninja/ninja.exe -v clean"/>
					<DistClean command="C:/PROGRA~2/MICROS~2/2017/COMMUN~1/Common7/IDE/COMMON~1/MICROS~1/CMake/Ninja/ninja.exe -v clean"/>
				</MakeCommands>
			</Target>
			<Target title="testHalcon12">
				<Option output="D:/Workspace/projects_online_2020/study_CMake/examples/build-testHalcon12-Desktop_Qt_5_12_9_MSVC2017_64bit-Debug/testHalcon12.exe" prefix_auto="0" extension_auto="0"/>
				<Option working_dir="D:/Workspace/projects_online_2020/study_CMake/examples/build-testHalcon12-Desktop_Qt_5_12_9_MSVC2017_64bit-Debug"/>
				<Option object_output="./"/>
				<Option type="1"/>
				<Option compiler="msvc8"/>
				<Compiler>
					<Add directory="C:/Applications/MVTec/HALCON-12.0/include"/>
					<Add directory="C:\Program Files (x86)\Microsoft Visual Studio\2017\Community\VC\Tools\MSVC\14.16.27023\ATLMFC\include"/>
					<Add directory="C:\Program Files (x86)\Microsoft Visual Studio\2017\Community\VC\Tools\MSVC\14.16.27023\include"/>
					<Add directory="C:\Program Files (x86)\Windows Kits\NETFXSDK\4.6.1\include\um"/>
					<Add directory="C:\Program Files (x86)\Windows Kits\10\include\10.0.17763.0\ucrt"/>
					<Add directory="C:\Program Files (x86)\Windows Kits\10\include\10.0.17763.0\shared"/>
					<Add directory="C:\Program Files (x86)\Windows Kits\10\include\10.0.17763.0\um"/>
					<Add directory="C:\Program Files (x86)\Windows Kits\10\include\10.0.17763.0\winrt"/>
					<Add directory="C:\Program Files (x86)\Windows Kits\10\include\10.0.17763.0\cppwinrt"/>
				</Compiler>
				<MakeCommands>
					<Build command="C:/PROGRA~2/MICROS~2/2017/COMMUN~1/Common7/IDE/COMMON~1/MICROS~1/CMake/Ninja/ninja.exe -v testHalcon12"/>
					<CompileFile command="C:/PROGRA~2/MICROS~2/2017/COMMUN~1/Common7/IDE/COMMON~1/MICROS~1/CMake/Ninja/ninja.exe -v &quot;$file&quot;"/>
					<Clean command="C:/PROGRA~2/MICROS~2/2017/COMMUN~1/Common7/IDE/COMMON~1/MICROS~1/CMake/Ninja/ninja.exe -v clean"/>
					<DistClean command="C:/PROGRA~2/MICROS~2/2017/COMMUN~1/Common7/IDE/COMMON~1/MICROS~1/CMake/Ninja/ninja.exe -v clean"/>
				</MakeCommands>
			</Target>
			<Target title="testHalcon12/fast">
				<Option output="D:/Workspace/projects_online_2020/study_CMake/examples/build-testHalcon12-Desktop_Qt_5_12_9_MSVC2017_64bit-Debug/testHalcon12.exe" prefix_auto="0" extension_auto="0"/>
				<Option working_dir="D:/Workspace/projects_online_2020/study_CMake/examples/build-testHalcon12-Desktop_Qt_5_12_9_MSVC2017_64bit-Debug"/>
				<Option object_output="./"/>
				<Option type="1"/>
				<Option compiler="msvc8"/>
				<Compiler>
					<Add directory="C:/Applications/MVTec/HALCON-12.0/include"/>
					<Add directory="C:\Program Files (x86)\Microsoft Visual Studio\2017\Community\VC\Tools\MSVC\14.16.27023\ATLMFC\include"/>
					<Add directory="C:\Program Files (x86)\Microsoft Visual Studio\2017\Community\VC\Tools\MSVC\14.16.27023\include"/>
					<Add directory="C:\Program Files (x86)\Windows Kits\NETFXSDK\4.6.1\include\um"/>
					<Add directory="C:\Program Files (x86)\Windows Kits\10\include\10.0.17763.0\ucrt"/>
					<Add directory="C:\Program Files (x86)\Windows Kits\10\include\10.0.17763.0\shared"/>
					<Add directory="C:\Program Files (x86)\Windows Kits\10\include\10.0.17763.0\um"/>
					<Add directory="C:\Program Files (x86)\Windows Kits\10\include\10.0.17763.0\winrt"/>
					<Add directory="C:\Program Files (x86)\Windows Kits\10\include\10.0.17763.0\cppwinrt"/>
				</Compiler>
				<MakeCommands>
					<Build command="C:/PROGRA~2/MICROS~2/2017/COMMUN~1/Common7/IDE/COMMON~1/MICROS~1/CMake/Ninja/ninja.exe -v testHalcon12/fast"/>
					<CompileFile command="C:/PROGRA~2/MICROS~2/2017/COMMUN~1/Common7/IDE/COMMON~1/MICROS~1/CMake/Ninja/ninja.exe -v &quot;$file&quot;"/>
					<Clean command="C:/PROGRA~2/MICROS~2/2017/COMMUN~1/Common7/IDE/COMMON~1/MICROS~1/CMake/Ninja/ninja.exe -v clean"/>
					<DistClean command="C:/PROGRA~2/MICROS~2/2017/COMMUN~1/Common7/IDE/COMMON~1/MICROS~1/CMake/Ninja/ninja.exe -v clean"/>
				</MakeCommands>
			</Target>
			<Target title="edit_cache">
				<Option working_dir="D:/Workspace/projects_online_2020/study_CMake/examples/build-testHalcon12-Desktop_Qt_5_12_9_MSVC2017_64bit-Debug"/>
				<Option type="4"/>
				<MakeCommands>
					<Build command="C:/PROGRA~2/MICROS~2/2017/COMMUN~1/Common7/IDE/COMMON~1/MICROS~1/CMake/Ninja/ninja.exe -v edit_cache"/>
					<CompileFile command="C:/PROGRA~2/MICROS~2/2017/COMMUN~1/Common7/IDE/COMMON~1/MICROS~1/CMake/Ninja/ninja.exe -v &quot;$file&quot;"/>
					<Clean command="C:/PROGRA~2/MICROS~2/2017/COMMUN~1/Common7/IDE/COMMON~1/MICROS~1/CMake/Ninja/ninja.exe -v clean"/>
					<DistClean command="C:/PROGRA~2/MICROS~2/2017/COMMUN~1/Common7/IDE/COMMON~1/MICROS~1/CMake/Ninja/ninja.exe -v clean"/>
				</MakeCommands>
			</Target>
		</Build>
		<Unit filename="D:/Workspace/projects_online_2020/study_CMake/examples/testHalcon12/main.cpp">
			<Option target="testHalcon12"/>
		</Unit>
		<Unit filename="D:/Workspace/projects_online_2020/study_CMake/examples/testHalcon12/CMakeLists.txt">
			<Option virtualFolder="CMake Files\"/>
		</Unit>
	</Project>
</CodeBlocks_project_file>
